
Microsoft Visual Studio Solution File, Format Version 12.00
# Visual Studio Version 17
VisualStudioVersion = 17.11.35303.130
MinimumVisualStudioVersion = 10.0.40219.1
Project("{9A19103F-16F7-4668-BE54-9A1E7A4F7556}") = "MyWay", "MyWay\MyWay.csproj", "{2C0BF5E5-FD08-4BA3-96AE-985FC48B2F39}"
EndProject
Global
	GlobalSection(SolutionConfigurationPlatforms) = preSolution
		Debug|Any CPU = Debug|Any CPU
		Release|Any CPU = Release|Any CPU
	EndGlobalSection
	GlobalSection(ProjectConfigurationPlatforms) = postSolution
		{2C0BF5E5-FD08-4BA3-96AE-985FC48B2F39}.Debug|Any CPU.ActiveCfg = Debug|Any CPU
		{2C0BF5E5-FD08-4BA3-96AE-985FC48B2F39}.Debug|Any CPU.Build.0 = Debug|Any CPU
		{2C0BF5E5-FD08-4BA3-96AE-985FC48B2F39}.Release|Any CPU.ActiveCfg = Release|Any CPU
		{2C0BF5E5-FD08-4BA3-96AE-985FC48B2F39}.Release|Any CPU.Build.0 = Release|Any CPU
	EndGlobalSection
	GlobalSection(SolutionProperties) = preSolution
		HideSolutionNode = FALSE
	EndGlobalSection
	GlobalSection(ExtensibilityGlobals) = postSolution
		SolutionGuid = {E8BD3C52-3888-4C72-9540-578356A8DC6C}
	EndGlobalSection
EndGlobal
